
Microsoft Visual Studio Solution File, Format Version 12.00
# Visual Studio 15
VisualStudioVersion = 15.0.28307.960
MinimumVisualStudioVersion = 10.0.40219.1
Project("{FAE04EC0-301F-11D3-BF4B-00C04F79EFBC}") = "WorksSehirRehberi.API", "WorksSehirRehberi.API\WorksSehirRehberi.API.csproj", "{A985F6A4-62E8-47C2-B02A-F2640E2ECDE0}"
EndProject
Global
	GlobalSection(SolutionConfigurationPlatforms) = preSolution
		Debug|Any CPU = Debug|Any CPU
		Release|Any CPU = Release|Any CPU
	EndGlobalSection
	GlobalSection(ProjectConfigurationPlatforms) = postSolution
		{A985F6A4-62E8-47C2-B02A-F2640E2ECDE0}.Debug|Any CPU.ActiveCfg = Debug|Any CPU
		{A985F6A4-62E8-47C2-B02A-F2640E2ECDE0}.Debug|Any CPU.Build.0 = Debug|Any CPU
		{A985F6A4-62E8-47C2-B02A-F2640E2ECDE0}.Release|Any CPU.ActiveCfg = Release|Any CPU
		{A985F6A4-62E8-47C2-B02A-F2640E2ECDE0}.Release|Any CPU.Build.0 = Release|Any CPU
	EndGlobalSection
	GlobalSection(SolutionProperties) = preSolution
		HideSolutionNode = FALSE
	EndGlobalSection
	GlobalSection(ExtensibilityGlobals) = postSolution
		SolutionGuid = {0960EA5C-8930-4595-90BA-BE13C71F8772}
	EndGlobalSection
EndGlobal
